<?xml version="1.0" encoding="utf-8"?>
<Project ToolsVersion="4.0" xmlns="http://schemas.microsoft.com/developer/msbuild/2003">
  <ItemGroup>
    <Filter Include="Source Files">
      <UniqueIdentifier>{4FC737F1-C7A5-4376-A066-2A32D752A2FF}</UniqueIdentifier>
      <Extensions>cpp;c;cc;cxx;c++;cppm;ixx;def;odl;idl;hpj;bat;asm;asmx</Extensions>
    </Filter>
    <Filter Include="Source Files\Application">
      <UniqueIdentifier>{ae77938f-563d-4e82-aa1e-a5ddbc58c6f7}</UniqueIdentifier>
    </Filter>
    <Filter Include="Source Files\Entities">
      <UniqueIdentifier>{e3e4df64-b44b-44a5-8f21-7dac4d45a5c5}</UniqueIdentifier>
    </Filter>
    <Filter Include="Source Files\Modules">
      <UniqueIdentifier>{547ab57b-dde2-43d2-ae19-41cbde5311a3}</UniqueIdentifier>
    </Filter>
    <Filter Include="Source Files\Utils">
      <UniqueIdentifier>{d61d7771-8558-432b-a940-2215c415bcec}</UniqueIdentifier>
    </Filter>
    <Filter Include="Source Files\Modules\Core">
      <UniqueIdentifier>{a3ea01ac-056f-45ae-90b7-71c056f339d6}</UniqueIdentifier>
    </Filter>
    <Filter Include="Source Files\Modules\Gameplay">
      <UniqueIdentifier>{f42cee73-2ed0-4564-a9a7-d749a244f698}</UniqueIdentifier>
    </Filter>
    <Filter Include="Source Files\Entities\Enemies">
      <UniqueIdentifier>{3b131122-d571-48bf-8194-9aa4a4910e9b}</UniqueIdentifier>
    </Filter>
    <Filter Include="Source Files\Entities\PowerUps">
      <UniqueIdentifier>{65b3e17d-e873-4943-8ddb-cb9794bdcbcb}</UniqueIdentifier>
    </Filter>
    <Filter Include="Source Files\Modules\Game Intro">
      <UniqueIdentifier>{a3fd9dd8-a7a2-4ab9-be0c-5b023084aff9}</UniqueIdentifier>
    </Filter>
  </ItemGroup>
  <ItemGroup>
    <ClCompile Include="Module.cpp">
      <Filter>Source Files\Modules</Filter>
    </ClCompile>
    <ClCompile Include="Particle.cpp">
      <Filter>Source Files\Entities</Filter>
    </ClCompile>
    <ClCompile Include="Application.cpp">
      <Filter>Source Files\Application</Filter>
    </ClCompile>
    <ClCompile Include="Globals.cpp">
      <Filter>Source Files\Application</Filter>
    </ClCompile>
    <ClCompile Include="Main.cpp">
      <Filter>Source Files\Application</Filter>
    </ClCompile>
    <ClCompile Include="ModuleInput.cpp">
      <Filter>Source Files\Modules\Core</Filter>
    </ClCompile>
    <ClCompile Include="ModuleParticles.cpp">
      <Filter>Source Files\Modules\Core</Filter>
    </ClCompile>
    <ClCompile Include="ModuleRender.cpp">
      <Filter>Source Files\Modules\Core</Filter>
    </ClCompile>
    <ClCompile Include="ModuleTextures.cpp">
      <Filter>Source Files\Modules\Core</Filter>
    </ClCompile>
    <ClCompile Include="ModuleWindow.cpp">
      <Filter>Source Files\Modules\Core</Filter>
    </ClCompile>
    <ClCompile Include="ModulePlayer.cpp">
      <Filter>Source Files\Modules\Gameplay</Filter>
    </ClCompile>
    <ClCompile Include="ModuleAudio.cpp">
      <Filter>Source Files\Modules\Core</Filter>
    </ClCompile>
    <ClCompile Include="ModuleCollisions.cpp">
      <Filter>Source Files\Modules\Core</Filter>
    </ClCompile>
    <ClCompile Include="Enemy.cpp">
      <Filter>Source Files\Entities\Enemies</Filter>
    </ClCompile>
    <ClCompile Include="Enemy_RedBird.cpp">
      <Filter>Source Files\Entities\Enemies</Filter>
    </ClCompile>
    <ClCompile Include="Collider.cpp">
      <Filter>Source Files\Utils</Filter>
    </ClCompile>
    <ClCompile Include="Path.cpp">
      <Filter>Source Files\Utils</Filter>
    </ClCompile>
    <ClCompile Include="SceneLevel1.cpp">
      <Filter>Source Files\Modules\Gameplay</Filter>
    </ClCompile>
    <ClCompile Include="ModuleFadeToBlack.cpp">
      <Filter>Source Files\Modules\Core</Filter>
    </ClCompile>
    <ClCompile Include="ModuleEnemies.cpp">
      <Filter>Source Files\Modules\Gameplay</Filter>
    </ClCompile>
    <ClCompile Include="ModuleFonts.cpp">
      <Filter>Source Files\Modules\Core</Filter>
    </ClCompile>
    <ClCompile Include="Enemy_BrownShip.cpp">
      <Filter>Source Files\Entities\Enemies</Filter>
    </ClCompile>
    <ClCompile Include="ScenePlayerSelect.cpp">
      <Filter>Source Files\Modules\Gameplay</Filter>
    </ClCompile>
    <ClCompile Include="ModuleUI.cpp">
      <Filter>Source Files\Modules\Core</Filter>
    </ClCompile>
    <ClCompile Include="ModulePowerUp.cpp">
      <Filter>Source Files\Modules\Gameplay</Filter>
    </ClCompile>
    <ClCompile Include="PowerUp.cpp">
      <Filter>Source Files\Entities\PowerUps</Filter>
    </ClCompile>
    <ClCompile Include="PowerUp_1.cpp">
      <Filter>Source Files\Entities\PowerUps</Filter>
    </ClCompile>
    <ClCompile Include="Enemy_RedBall.cpp">
      <Filter>Source Files\Entities\Enemies</Filter>
    </ClCompile>
    <ClCompile Include="Enemy_BlueDragon.cpp">
      <Filter>Source Files\Entities\Enemies</Filter>
    </ClCompile>
    <ClCompile Include="SceneIntro.cpp">
      <Filter>Source Files\Modules\Game Intro</Filter>
    </ClCompile>
    <ClCompile Include="SceneDescription.cpp">
      <Filter>Source Files\Modules\Game Intro</Filter>
    </ClCompile>
    <ClCompile Include="Intro2.cpp">
      <Filter>Source Files\Modules\Game Intro</Filter>
    </ClCompile>
    <ClCompile Include="Intro1.cpp">
      <Filter>Source Files\Modules\Game Intro</Filter>
    </ClCompile>
    <ClCompile Include="SceneStory.cpp">
      <Filter>Source Files\Modules\Game Intro</Filter>
    </ClCompile>
    <ClCompile Include="SceneStory3.cpp">
      <Filter>Source Files\Modules\Game Intro</Filter>
    </ClCompile>
    <ClCompile Include="SceneStory4.cpp">
      <Filter>Source Files\Modules\Game Intro</Filter>
    </ClCompile>
    <ClCompile Include="Enemy_RedBallStraight.cpp">
      <Filter>Source Files\Entities\Enemies</Filter>
    </ClCompile>
    <ClCompile Include="Enemy_Boss.cpp">
      <Filter>Source Files\Entities\Enemies</Filter>
    </ClCompile>
    <ClCompile Include="SceneStory5.cpp">
      <Filter>Source Files\Modules\Game Intro</Filter>
    </ClCompile>
    <ClCompile Include="PowerUp_2.cpp">
      <Filter>Source Files\Entities\PowerUps</Filter>
    </ClCompile>
    <ClCompile Include="Enemy_Wizzard.cpp">
      <Filter>Source Files\Entities\Enemies</Filter>
    </ClCompile>
    <ClCompile Include="Enemy_RedBat.cpp">
      <Filter>Source Files\Entities\Enemies</Filter>
    </ClCompile>
    <ClCompile Include="SceneFinal.cpp">
      <Filter>Source Files\Modules\Gameplay</Filter>
    </ClCompile>
  </ItemGroup>
  <ItemGroup>
    <ClInclude Include="Module.h">
      <Filter>Source Files\Modules</Filter>
    </ClInclude>
    <ClInclude Include="Animation.h">
      <Filter>Source Files\Utils</Filter>
    </ClInclude>
    <ClInclude Include="p2Point.h">
      <Filter>Source Files\Utils</Filter>
    </ClInclude>
    <ClInclude Include="Particle.h">
      <Filter>Source Files\Entities</Filter>
    </ClInclude>
    <ClInclude Include="Application.h">
      <Filter>Source Files\Application</Filter>
    </ClInclude>
    <ClInclude Include="Globals.h">
      <Filter>Source Files\Application</Filter>
    </ClInclude>
    <ClInclude Include="MemLeaks.h">
      <Filter>Source Files\Application</Filter>
    </ClInclude>
    <ClInclude Include="ModuleInput.h">
      <Filter>Source Files\Modules\Core</Filter>
    </ClInclude>
    <ClInclude Include="ModuleParticles.h">
      <Filter>Source Files\Modules\Core</Filter>
    </ClInclude>
    <ClInclude Include="ModuleRender.h">
      <Filter>Source Files\Modules\Core</Filter>
    </ClInclude>
    <ClInclude Include="ModuleTextures.h">
      <Filter>Source Files\Modules\Core</Filter>
    </ClInclude>
    <ClInclude Include="ModuleWindow.h">
      <Filter>Source Files\Modules\Core</Filter>
    </ClInclude>
    <ClInclude Include="ModulePlayer.h">
      <Filter>Source Files\Modules\Gameplay</Filter>
    </ClInclude>
    <ClInclude Include="ModuleAudio.h">
      <Filter>Source Files\Modules\Core</Filter>
    </ClInclude>
    <ClInclude Include="ModuleCollisions.h">
      <Filter>Source Files\Modules\Core</Filter>
    </ClInclude>
    <ClInclude Include="Enemy.h">
      <Filter>Source Files\Entities\Enemies</Filter>
    </ClInclude>
    <ClInclude Include="Enemy_RedBird.h">
      <Filter>Source Files\Entities\Enemies</Filter>
    </ClInclude>
    <ClInclude Include="Collider.h">
      <Filter>Source Files\Utils</Filter>
    </ClInclude>
    <ClInclude Include="Path.h">
      <Filter>Source Files\Utils</Filter>
    </ClInclude>
    <ClInclude Include="SceneLevel1.h">
      <Filter>Source Files\Modules\Gameplay</Filter>
    </ClInclude>
    <ClInclude Include="ModuleFadeToBlack.h">
      <Filter>Source Files\Modules\Core</Filter>
    </ClInclude>
    <ClInclude Include="ModuleEnemies.h">
      <Filter>Source Files\Modules\Gameplay</Filter>
    </ClInclude>
    <ClInclude Include="ModuleFonts.h">
      <Filter>Source Files\Modules\Core</Filter>
    </ClInclude>
    <ClInclude Include="Enemy_BrownShip.h">
      <Filter>Source Files\Entities\Enemies</Filter>
    </ClInclude>
    <ClInclude Include="ScenePlayerSelect.h">
      <Filter>Source Files\Modules\Gameplay</Filter>
    </ClInclude>
    <ClInclude Include="ModuleUI.h">
      <Filter>Source Files\Modules\Core</Filter>
    </ClInclude>
    <ClInclude Include="ModulePowerUp.h">
      <Filter>Source Files\Modules\Gameplay</Filter>
    </ClInclude>
    <ClInclude Include="PowerUp.h">
      <Filter>Source Files\Entities\PowerUps</Filter>
    </ClInclude>
    <ClInclude Include="PowerUp_1.h">
      <Filter>Source Files\Entities\PowerUps</Filter>
    </ClInclude>
    <ClInclude Include="Enemy_RedBall.h">
      <Filter>Source Files\Entities\Enemies</Filter>
    </ClInclude>
    <ClInclude Include="Enemy_BlueDragon.h">
      <Filter>Source Files\Entities\Enemies</Filter>
    </ClInclude>
    <ClInclude Include="SceneIntro.h">
      <Filter>Source Files\Modules\Game Intro</Filter>
    </ClInclude>
    <ClInclude Include="Intro1.h">
      <Filter>Source Files\Modules\Game Intro</Filter>
    </ClInclude>
    <ClInclude Include="SceneDescription.h">
      <Filter>Source Files\Modules\Game Intro</Filter>
    </ClInclude>
    <ClInclude Include="Intro2.h">
      <Filter>Source Files\Modules\Game Intro</Filter>
    </ClInclude>
    <ClInclude Include="SceneStory.h">
      <Filter>Source Files\Modules\Game Intro</Filter>
    </ClInclude>
    <ClInclude Include="SceneStory3.h">
      <Filter>Source Files\Modules\Game Intro</Filter>
    </ClInclude>
    <ClInclude Include="SceneStory4.h">
      <Filter>Source Files\Modules\Game Intro</Filter>
    </ClInclude>
    <ClInclude Include="Enemy_RedBallStraight.h">
      <Filter>Source Files\Entities\Enemies</Filter>
    </ClInclude>
    <ClInclude Include="Enemy_Boss.h">
      <Filter>Source Files\Entities\Enemies</Filter>
    </ClInclude>
    <ClInclude Include="SceneStory5.h">
      <Filter>Source Files\Modules\Game Intro</Filter>
    </ClInclude>
    <ClInclude Include="PowerUp_2.h">
      <Filter>Source Files\Entities\PowerUps</Filter>
    </ClInclude>
    <ClInclude Include="Enemy_Wizzard.h">
      <Filter>Source Files\Entities\Enemies</Filter>
    </ClInclude>
    <ClInclude Include="Enemy_RedBat.h">
      <Filter>Source Files\Entities\Enemies</Filter>
    </ClInclude>
    <ClInclude Include="SceneFinal.h">
      <Filter>Source Files\Modules\Gameplay</Filter>
    </ClInclude>
  </ItemGroup>
</Project>